
Microsoft Visual Studio Solution File, Format Version 12.00
# Visual Studio Version 17
VisualStudioVersion = 17.11.35327.3
MinimumVisualStudioVersion = 10.0.40219.1
Project("{FAE04EC0-301F-11D3-BF4B-00C04F79EFBC}") = "Triangle_mesh", "Triangle_mesh\Triangle_mesh.csproj", "{4C10223A-65E1-4080-A0A3-C699EF33D2C9}"
EndProject
Global
	GlobalSection(SolutionConfigurationPlatforms) = preSolution
		Debug|Any CPU = Debug|Any CPU
		Release|Any CPU = Release|Any CPU
	EndGlobalSection
	GlobalSection(ProjectConfigurationPlatforms) = postSolution
		{4C10223A-65E1-4080-A0A3-C699EF33D2C9}.Debug|Any CPU.ActiveCfg = Debug|Any CPU
		{4C10223A-65E1-4080-A0A3-C699EF33D2C9}.Debug|Any CPU.Build.0 = Debug|Any CPU
		{4C10223A-65E1-4080-A0A3-C699EF33D2C9}.Release|Any CPU.ActiveCfg = Release|Any CPU
		{4C10223A-65E1-4080-A0A3-C699EF33D2C9}.Release|Any CPU.Build.0 = Release|Any CPU
	EndGlobalSection
	GlobalSection(SolutionProperties) = preSolution
		HideSolutionNode = FALSE
	EndGlobalSection
	GlobalSection(ExtensibilityGlobals) = postSolution
		SolutionGuid = {DC232443-C196-4DC7-9E25-D9BC8CAE7E15}
	EndGlobalSection
EndGlobal
